PODS:
  - FBSnapshotTestCase (2.1.2):
    - FBSnapshotTestCase/SwiftSupport (= 2.1.2)
  - FBSnapshotTestCase/Core (2.1.2)
  - FBSnapshotTestCase/SwiftSupport (2.1.2):
    - FBSnapshotTestCase/Core
  - FMDB (2.6.2):
    - FMDB/standard (= 2.6.2)
  - FMDB/standard (2.6.2)
  - LKDBHelper (2.3.4):
    - FMDB
  - MBProgressHUD (0.9.2)
  - OpenUDID (1.0.0)
  - SVPullToRefresh (0.4.1)
  - XYQuick (0.9.5):
    - XYQuick/core (= 0.9.5)
    - XYQuick/event (= 0.9.5)
    - XYQuick/predefine (= 0.9.5)
    - XYQuick/ui (= 0.9.5)
  - XYQuick/core (0.9.5):
    - XYQuick/predefine
  - XYQuick/event (0.9.5):
    - XYQuick/core
    - XYQuick/predefine
    - XYQuick/ui
  - XYQuick/predefine (0.9.5)
  - XYQuick/ui (0.9.5):
    - XYQuick/core
    - XYQuick/predefine

DEPENDENCIES:
  - FBSnapshotTestCase
  - FMDB (~> 2.6.2)
  - LKDBHelper (~> 2.2)
  - MBProgressHUD (~> 0.9.1)
  - OpenUDID (~> 1.0.0)
  - SVPullToRefresh (~> 0.4.1)
  - XYQuick (from `../`)

EXTERNAL SOURCES:
  XYQuick:
    :path: "../"

SPEC CHECKSUMS:
  FBSnapshotTestCase: 918c55861356ee83aee7843d759f55a18ff6982b
  FMDB: 854a0341b4726e53276f2a8996f06f1b80f9259a
  LKDBHelper: 21fed3d2a010ea6f97996490abd717d379f9c772
  MBProgressHUD: 1569cf7ace17a8bac47aabfbb8580a49690386d1
  OpenUDID: e7cb6984c7304906ad20f3a36bf087b025896b6b
  SVPullToRefresh: ba2e718695a43253d8bea6852d2960097dc15d8c
  XYQuick: 62af1c82ab56527dd71159c9d9c5ecee87f2b4f3

PODFILE CHECKSUM: d1ac698ce131602329d8626bc16284290c3426f9

COCOAPODS: 1.0.1
