PODS:
  - FBSnapshotTestCase (2.1.1):
    - FBSnapshotTestCase/SwiftSupport (= 2.1.1)
  - FBSnapshotTestCase/Core (2.1.1)
  - FBSnapshotTestCase/SwiftSupport (2.1.1):
    - FBSnapshotTestCase/Core
  - FMDB (2.6.2):
    - FMDB/standard (= 2.6.2)
  - FMDB/standard (2.6.2)
  - LKDBHelper (2.3.1):
    - FMDB
  - MBProgressHUD (0.9.2)
  - OpenUDID (1.0.0)
  - SVPullToRefresh (0.4.1)
  - XYQuick (0.9.2):
    - XYQuick/core (= 0.9.2)
    - XYQuick/event (= 0.9.2)
    - XYQuick/predefine (= 0.9.2)
    - XYQuick/ui (= 0.9.2)
  - XYQuick/core (0.9.2):
    - XYQuick/predefine
  - XYQuick/event (0.9.2):
    - XYQuick/core
    - XYQuick/predefine
    - XYQuick/ui
  - XYQuick/predefine (0.9.2)
  - XYQuick/ui (0.9.2):
    - XYQuick/core
    - XYQuick/predefine

DEPENDENCIES:
  - FBSnapshotTestCase
  - FMDB (~> 2.6.2)
  - LKDBHelper (~> 2.2)
  - MBProgressHUD (~> 0.9.1)
  - OpenUDID (~> 1.0.0)
  - SVPullToRefresh (~> 0.4.1)
  - XYQuick (from `../`)

EXTERNAL SOURCES:
  XYQuick:
    :path: ../

SPEC CHECKSUMS:
  FBSnapshotTestCase: 432afd8d059ccef7f207225894840a03fbcf7474
  FMDB: 854a0341b4726e53276f2a8996f06f1b80f9259a
  LKDBHelper: 8d140170652a1ceef59247af4fb55e0a0dcd91dc
  MBProgressHUD: 1569cf7ace17a8bac47aabfbb8580a49690386d1
  OpenUDID: e7cb6984c7304906ad20f3a36bf087b025896b6b
  SVPullToRefresh: ba2e718695a43253d8bea6852d2960097dc15d8c
  XYQuick: 0df921e3afc4c3e83f913b263368956bb26d42c5

COCOAPODS: 0.39.0
