PODS:
  - FMDB (2.5):
    - FMDB/standard (= 2.5)
  - FMDB/common (2.5)
  - FMDB/standard (2.5):
    - FMDB/common
  - LKDBHelper (HEAD based on 2.1.3):
    - FMDB
  - MBProgressHUD (0.9.1)
  - MKNetworkKit (HEAD based on 0.87):
    - Reachability (~> 3.1.0)
  - OpenUDID (1.0.0)
  - Reachability (3.1.1)
  - SVPullToRefresh (HEAD based on 0.4.1)

DEPENDENCIES:
  - FMDB
  - LKDBHelper (HEAD)
  - MBProgressHUD (~> 0.9.1)
  - MKNetworkKit (HEAD)
  - OpenUDID (~> 1.0.0)
  - SVPullToRefresh (HEAD)

SPEC CHECKSUMS:
  FMDB: 96e8f1bcc1329e269330f99770ad4285d9003e52
  LKDBHelper: 64b2c85c6783d453d6db4635a8cfa6c5cc6783ed
  MBProgressHUD: c47f2c166c126cf2ce36498d80f33e754d4e93ad
  MKNetworkKit: 60ad3c83b62183e40ba75ce772c9427c25b520de
  OpenUDID: e7cb6984c7304906ad20f3a36bf087b025896b6b
  Reachability: dd9aa4fb6667b9f787690a74f53cb7634ce99893
  SVPullToRefresh: ba2e718695a43253d8bea6852d2960097dc15d8c

COCOAPODS: 0.37.0
