PODS:
  - FMDB (2.6):
    - FMDB/standard (= 2.6)
  - FMDB/standard (2.6)
  - LKDBHelper (HEAD based on 2.1.8):
    - FMDB
  - MBProgressHUD (0.9.2)
  - MKNetworkKit (HEAD based on 0.87):
    - Reachability (~> 3.1.0)
  - OpenUDID (1.0.0)
  - Reachability (3.1.1)
  - SVPullToRefresh (HEAD based on 0.4.1)

DEPENDENCIES:
  - FMDB
  - LKDBHelper (HEAD)
  - MBProgressHUD (~> 0.9.1)
  - MKNetworkKit (HEAD)
  - OpenUDID (~> 1.0.0)
  - SVPullToRefresh (HEAD)

SPEC CHECKSUMS:
  FMDB: c1968bab3ab0aed38f66cb778ae1e7fa9a652b6e
  LKDBHelper: 1b55f67e44f34af8828b31aa36b36141fdde03a8
  MBProgressHUD: 1569cf7ace17a8bac47aabfbb8580a49690386d1
  MKNetworkKit: 60ad3c83b62183e40ba75ce772c9427c25b520de
  OpenUDID: e7cb6984c7304906ad20f3a36bf087b025896b6b
  Reachability: dd9aa4fb6667b9f787690a74f53cb7634ce99893
  SVPullToRefresh: ba2e718695a43253d8bea6852d2960097dc15d8c

COCOAPODS: 0.39.0
